
Microsoft Visual Studio Solution File, Format Version 12.00
# Visual Studio Version 17
VisualStudioVersion = 17.2.32526.322
MinimumVisualStudioVersion = 10.0.40219.1
Project("{9A19103F-16F7-4668-BE54-9A1E7A4F7556}") = "Alchemist", "Alchemist\Alchemist.csproj", "{B9EDB4E0-2C07-42C4-8E98-257305352D02}"
EndProject
Project("{FAE04EC0-301F-11D3-BF4B-00C04F79EFBC}") = "Alchemist.Domain", "Alchemist.Domain\Alchemist.Domain.csproj", "{DD7E31D3-6065-48A5-B397-F55A38A171C9}"
EndProject
Project("{FAE04EC0-301F-11D3-BF4B-00C04F79EFBC}") = "Alchemist.Application", "Alchemist.Application\Alchemist.Application.csproj", "{663B85B0-3F3C-4712-ABF4-1930985CD439}"
EndProject
Project("{FAE04EC0-301F-11D3-BF4B-00C04F79EFBC}") = "Alchemist.Infrastructure", "Alchemist.Infrastructure\Alchemist.Infrastructure.csproj", "{F90AB140-E17F-4915-ABB5-4F01C0AC3C2D}"
EndProject
Project("{2150E333-8FDC-42A3-9474-1A3956D46DE8}") = "Tests", "Tests", "{36A6150C-C7FA-4BFD-9C5B-A7F2AB5851C0}"
EndProject
Project("{FAE04EC0-301F-11D3-BF4B-00C04F79EFBC}") = "Alchemist.IntegrationTests", "Alchemist.IntegrationTests\Alchemist.IntegrationTests.csproj", "{843EA332-872F-4352-9009-3E6BE853F211}"
EndProject
Global
	GlobalSection(SolutionConfigurationPlatforms) = preSolution
		Debug|Any CPU = Debug|Any CPU
		Release|Any CPU = Release|Any CPU
	EndGlobalSection
	GlobalSection(ProjectConfigurationPlatforms) = postSolution
		{B9EDB4E0-2C07-42C4-8E98-257305352D02}.Debug|Any CPU.ActiveCfg = Debug|Any CPU
		{B9EDB4E0-2C07-42C4-8E98-257305352D02}.Debug|Any CPU.Build.0 = Debug|Any CPU
		{B9EDB4E0-2C07-42C4-8E98-257305352D02}.Release|Any CPU.ActiveCfg = Release|Any CPU
		{B9EDB4E0-2C07-42C4-8E98-257305352D02}.Release|Any CPU.Build.0 = Release|Any CPU
		{DD7E31D3-6065-48A5-B397-F55A38A171C9}.Debug|Any CPU.ActiveCfg = Debug|Any CPU
		{DD7E31D3-6065-48A5-B397-F55A38A171C9}.Debug|Any CPU.Build.0 = Debug|Any CPU
		{DD7E31D3-6065-48A5-B397-F55A38A171C9}.Release|Any CPU.ActiveCfg = Release|Any CPU
		{DD7E31D3-6065-48A5-B397-F55A38A171C9}.Release|Any CPU.Build.0 = Release|Any CPU
		{663B85B0-3F3C-4712-ABF4-1930985CD439}.Debug|Any CPU.ActiveCfg = Debug|Any CPU
		{663B85B0-3F3C-4712-ABF4-1930985CD439}.Debug|Any CPU.Build.0 = Debug|Any CPU
		{663B85B0-3F3C-4712-ABF4-1930985CD439}.Release|Any CPU.ActiveCfg = Release|Any CPU
		{663B85B0-3F3C-4712-ABF4-1930985CD439}.Release|Any CPU.Build.0 = Release|Any CPU
		{F90AB140-E17F-4915-ABB5-4F01C0AC3C2D}.Debug|Any CPU.ActiveCfg = Debug|Any CPU
		{F90AB140-E17F-4915-ABB5-4F01C0AC3C2D}.Debug|Any CPU.Build.0 = Debug|Any CPU
		{F90AB140-E17F-4915-ABB5-4F01C0AC3C2D}.Release|Any CPU.ActiveCfg = Release|Any CPU
		{F90AB140-E17F-4915-ABB5-4F01C0AC3C2D}.Release|Any CPU.Build.0 = Release|Any CPU
		{843EA332-872F-4352-9009-3E6BE853F211}.Debug|Any CPU.ActiveCfg = Debug|Any CPU
		{843EA332-872F-4352-9009-3E6BE853F211}.Debug|Any CPU.Build.0 = Debug|Any CPU
		{843EA332-872F-4352-9009-3E6BE853F211}.Release|Any CPU.ActiveCfg = Release|Any CPU
		{843EA332-872F-4352-9009-3E6BE853F211}.Release|Any CPU.Build.0 = Release|Any CPU
	EndGlobalSection
	GlobalSection(SolutionProperties) = preSolution
		HideSolutionNode = FALSE
	EndGlobalSection
	GlobalSection(NestedProjects) = preSolution
		{843EA332-872F-4352-9009-3E6BE853F211} = {36A6150C-C7FA-4BFD-9C5B-A7F2AB5851C0}
	EndGlobalSection
	GlobalSection(ExtensibilityGlobals) = postSolution
		SolutionGuid = {49C88B96-AE22-4F4F-94D6-7FCBE5A7591F}
	EndGlobalSection
EndGlobal
